
Microsoft Visual Studio Solution File, Format Version 12.00
# Visual Studio Version 16
VisualStudioVersion = 16.0.28922.388
MinimumVisualStudioVersion = 10.0.40219.1
Project("{FAE04EC0-301F-11D3-BF4B-00C04F79EFBC}") = "StarWarsAPI", "StarWarsAPI\StarWarsAPI.csproj", "{AA263DAC-B5B8-4777-842E-022F7CB70813}"
EndProject
Global
	GlobalSection(SolutionConfigurationPlatforms) = preSolution
		Debug|Any CPU = Debug|Any CPU
		Release|Any CPU = Release|Any CPU
	EndGlobalSection
	GlobalSection(ProjectConfigurationPlatforms) = postSolution
		{AA263DAC-B5B8-4777-842E-022F7CB70813}.Debug|Any CPU.ActiveCfg = Debug|Any CPU
		{AA263DAC-B5B8-4777-842E-022F7CB70813}.Debug|Any CPU.Build.0 = Debug|Any CPU
		{AA263DAC-B5B8-4777-842E-022F7CB70813}.Release|Any CPU.ActiveCfg = Release|Any CPU
		{AA263DAC-B5B8-4777-842E-022F7CB70813}.Release|Any CPU.Build.0 = Release|Any CPU
	EndGlobalSection
	GlobalSection(SolutionProperties) = preSolution
		HideSolutionNode = FALSE
	EndGlobalSection
	GlobalSection(ExtensibilityGlobals) = postSolution
		SolutionGuid = {F6306FD2-3DB4-48AE-9048-5CD5BCFF82EB}
	EndGlobalSection
EndGlobal
